
Microsoft Visual Studio Solution File, Format Version 12.00
# Visual Studio Version 16
VisualStudioVersion = 16.0.30611.23
MinimumVisualStudioVersion = 10.0.40219.1
Project("{9A19103F-16F7-4668-BE54-9A1E7A4F7556}") = "DonarService", "DonarService.csproj", "{805A9FA0-E3B5-4D34-864C-1E52CF6C5AE6}"
EndProject
Project("{FAE04EC0-301F-11D3-BF4B-00C04F79EFBC}") = "DonarServiceTest", "..\DonarServiceTest\DonarServiceTest.csproj", "{1E6F4800-1614-4642-BBDE-F43AFB0C8641}"
EndProject
Global
	GlobalSection(SolutionConfigurationPlatforms) = preSolution
		Debug|Any CPU = Debug|Any CPU
		Release|Any CPU = Release|Any CPU
	EndGlobalSection
	GlobalSection(ProjectConfigurationPlatforms) = postSolution
		{805A9FA0-E3B5-4D34-864C-1E52CF6C5AE6}.Debug|Any CPU.ActiveCfg = Debug|Any CPU
		{805A9FA0-E3B5-4D34-864C-1E52CF6C5AE6}.Debug|Any CPU.Build.0 = Debug|Any CPU
		{805A9FA0-E3B5-4D34-864C-1E52CF6C5AE6}.Release|Any CPU.ActiveCfg = Release|Any CPU
		{805A9FA0-E3B5-4D34-864C-1E52CF6C5AE6}.Release|Any CPU.Build.0 = Release|Any CPU
		{1E6F4800-1614-4642-BBDE-F43AFB0C8641}.Debug|Any CPU.ActiveCfg = Debug|Any CPU
		{1E6F4800-1614-4642-BBDE-F43AFB0C8641}.Debug|Any CPU.Build.0 = Debug|Any CPU
		{1E6F4800-1614-4642-BBDE-F43AFB0C8641}.Release|Any CPU.ActiveCfg = Release|Any CPU
		{1E6F4800-1614-4642-BBDE-F43AFB0C8641}.Release|Any CPU.Build.0 = Release|Any CPU
	EndGlobalSection
	GlobalSection(SolutionProperties) = preSolution
		HideSolutionNode = FALSE
	EndGlobalSection
	GlobalSection(ExtensibilityGlobals) = postSolution
		SolutionGuid = {E6645D99-EB5F-41F1-8D50-CB835DED5B6F}
	EndGlobalSection
EndGlobal
